
Microsoft Visual Studio Solution File, Format Version 12.00
# Visual Studio Version 17
VisualStudioVersion = 17.1.32414.318
MinimumVisualStudioVersion = 10.0.40219.1
Project("{FAE04EC0-301F-11D3-BF4B-00C04F79EFBC}") = "AlgorithmsWebAPI", "AlgorithmsWebAPI.csproj", "{BE1CC6A3-B31C-4F28-9953-80F2C37FE9A6}"
EndProject
Global
	GlobalSection(SolutionConfigurationPlatforms) = preSolution
		Debug|Any CPU = Debug|Any CPU
		Release|Any CPU = Release|Any CPU
	EndGlobalSection
	GlobalSection(ProjectConfigurationPlatforms) = postSolution
		{BE1CC6A3-B31C-4F28-9953-80F2C37FE9A6}.Debug|Any CPU.ActiveCfg = Debug|Any CPU
		{BE1CC6A3-B31C-4F28-9953-80F2C37FE9A6}.Debug|Any CPU.Build.0 = Debug|Any CPU
		{BE1CC6A3-B31C-4F28-9953-80F2C37FE9A6}.Release|Any CPU.ActiveCfg = Release|Any CPU
		{BE1CC6A3-B31C-4F28-9953-80F2C37FE9A6}.Release|Any CPU.Build.0 = Release|Any CPU
	EndGlobalSection
	GlobalSection(SolutionProperties) = preSolution
		HideSolutionNode = FALSE
	EndGlobalSection
	GlobalSection(ExtensibilityGlobals) = postSolution
		SolutionGuid = {93F351F7-2A58-423B-8131-8BB660DE3B97}
	EndGlobalSection
EndGlobal
